
Microsoft Visual Studio Solution File, Format Version 12.00
# Visual Studio Version 17
VisualStudioVersion = 17.11.35327.3
MinimumVisualStudioVersion = 10.0.40219.1
Project("{9A19103F-16F7-4668-BE54-9A1E7A4F7556}") = "OrderManagementSystemServer", "OrderManagementSystemServer\OrderManagementSystemServer.csproj", "{5D843437-0410-41EC-A4E6-68D14AF5DA7D}"
EndProject
Project("{9A19103F-16F7-4668-BE54-9A1E7A4F7556}") = "OrderManagementSystemServer.Repository", "OrderManagementSystemServer.Repository\OrderManagementSystemServer.Repository.csproj", "{45F7DDE6-B950-41FB-A806-EFAD6C2477E6}"
EndProject
Project("{FAE04EC0-301F-11D3-BF4B-00C04F79EFBC}") = "OrderManagementSystemServer.Cache", "OrderManagementSystemServer.Cache\OrderManagementSystemServer.Cache.csproj", "{02F8EB80-AE42-4B67-B292-4E3ABE5C5A23}"
EndProject
Project("{FAE04EC0-301F-11D3-BF4B-00C04F79EFBC}") = "OrderManagementSystemServer.Components", "OrderManagementSystemServer.Components\OrderManagementSystemServer.Components.csproj", "{F49BAF56-BB93-4014-B189-C71309B3D056}"
EndProject
Project("{FAE04EC0-301F-11D3-BF4B-00C04F79EFBC}") = "OrderManagementSystemServer.Utils", "OrderManagementSystemServer.Utils\OrderManagementSystemServer.Utils.csproj", "{CA79A29E-6DD5-4623-AB26-F6FE1F68D78D}"
EndProject
Global
	GlobalSection(SolutionConfigurationPlatforms) = preSolution
		Debug|Any CPU = Debug|Any CPU
		Release|Any CPU = Release|Any CPU
	EndGlobalSection
	GlobalSection(ProjectConfigurationPlatforms) = postSolution
		{5D843437-0410-41EC-A4E6-68D14AF5DA7D}.Debug|Any CPU.ActiveCfg = Debug|Any CPU
		{5D843437-0410-41EC-A4E6-68D14AF5DA7D}.Debug|Any CPU.Build.0 = Debug|Any CPU
		{5D843437-0410-41EC-A4E6-68D14AF5DA7D}.Release|Any CPU.ActiveCfg = Release|Any CPU
		{5D843437-0410-41EC-A4E6-68D14AF5DA7D}.Release|Any CPU.Build.0 = Release|Any CPU
		{45F7DDE6-B950-41FB-A806-EFAD6C2477E6}.Debug|Any CPU.ActiveCfg = Debug|Any CPU
		{45F7DDE6-B950-41FB-A806-EFAD6C2477E6}.Debug|Any CPU.Build.0 = Debug|Any CPU
		{45F7DDE6-B950-41FB-A806-EFAD6C2477E6}.Release|Any CPU.ActiveCfg = Release|Any CPU
		{45F7DDE6-B950-41FB-A806-EFAD6C2477E6}.Release|Any CPU.Build.0 = Release|Any CPU
		{02F8EB80-AE42-4B67-B292-4E3ABE5C5A23}.Debug|Any CPU.ActiveCfg = Debug|Any CPU
		{02F8EB80-AE42-4B67-B292-4E3ABE5C5A23}.Debug|Any CPU.Build.0 = Debug|Any CPU
		{02F8EB80-AE42-4B67-B292-4E3ABE5C5A23}.Release|Any CPU.ActiveCfg = Release|Any CPU
		{02F8EB80-AE42-4B67-B292-4E3ABE5C5A23}.Release|Any CPU.Build.0 = Release|Any CPU
		{F49BAF56-BB93-4014-B189-C71309B3D056}.Debug|Any CPU.ActiveCfg = Debug|Any CPU
		{F49BAF56-BB93-4014-B189-C71309B3D056}.Debug|Any CPU.Build.0 = Debug|Any CPU
		{F49BAF56-BB93-4014-B189-C71309B3D056}.Release|Any CPU.ActiveCfg = Release|Any CPU
		{F49BAF56-BB93-4014-B189-C71309B3D056}.Release|Any CPU.Build.0 = Release|Any CPU
		{CA79A29E-6DD5-4623-AB26-F6FE1F68D78D}.Debug|Any CPU.ActiveCfg = Debug|Any CPU
		{CA79A29E-6DD5-4623-AB26-F6FE1F68D78D}.Debug|Any CPU.Build.0 = Debug|Any CPU
		{CA79A29E-6DD5-4623-AB26-F6FE1F68D78D}.Release|Any CPU.ActiveCfg = Release|Any CPU
		{CA79A29E-6DD5-4623-AB26-F6FE1F68D78D}.Release|Any CPU.Build.0 = Release|Any CPU
	EndGlobalSection
	GlobalSection(SolutionProperties) = preSolution
		HideSolutionNode = FALSE
	EndGlobalSection
	GlobalSection(ExtensibilityGlobals) = postSolution
		SolutionGuid = {B0C90AE9-A7AA-4058-BBEB-25565886F544}
	EndGlobalSection
EndGlobal
